<?xml version="1.0" encoding="UTF-8"?>
<Scheme
   version = "1.3">
   <BuildAction>
      <BuildActionEntries>
         <BuildActionEntry
            buildForRunning = "YES">
            <BuildableReference
               BuildableIdentifier = "primary"
               BlueprintIdentifier = "46ACCC04D4D62D55E7ACA1D8"
               BuildableName = "builderPractice.app"
               BlueprintName = "builderPractice"
               ReferencedContainer = "container:builderPractice.xcodeproj">
            </BuildableReference>
         </BuildActionEntry>
      </BuildActionEntries>
   </BuildAction>
   <LaunchAction
      useCustomWorkingDirectory = "NO"
      buildConfiguration = "Debug">
      <BuildableProductRunnable>
         <BuildableReference
            BuildableIdentifier = "primary"
            BlueprintIdentifier = "46ACCC04D4D62D55E7ACA1D8"
            BuildableName = "builderPractice.app"
            BlueprintName = "builderPractice"
            ReferencedContainer = "container:builderPractice.xcodeproj">
         </BuildableReference>
      </BuildableProductRunnable>
   </LaunchAction>
</Scheme>
